
Microsoft Visual Studio Solution File, Format Version 12.00
# Visual Studio 15
VisualStudioVersion = 15.0.28307.438
MinimumVisualStudioVersion = 10.0.40219.1
Project("{FAE04EC0-301F-11D3-BF4B-00C04F79EFBC}") = "grrr-snapin", "grrr-snapin\grrr-snapin.csproj", "{0CA70B84-B45C-41E6-8DC1-6109161D6E45}"
EndProject
Global
	GlobalSection(SolutionConfigurationPlatforms) = preSolution
		Debug|Any CPU = Debug|Any CPU
		Release|Any CPU = Release|Any CPU
	EndGlobalSection
	GlobalSection(ProjectConfigurationPlatforms) = postSolution
		{0CA70B84-B45C-41E6-8DC1-6109161D6E45}.Debug|Any CPU.ActiveCfg = Debug|Any CPU
		{0CA70B84-B45C-41E6-8DC1-6109161D6E45}.Debug|Any CPU.Build.0 = Debug|Any CPU
		{0CA70B84-B45C-41E6-8DC1-6109161D6E45}.Release|Any CPU.ActiveCfg = Release|Any CPU
		{0CA70B84-B45C-41E6-8DC1-6109161D6E45}.Release|Any CPU.Build.0 = Release|Any CPU
	EndGlobalSection
	GlobalSection(SolutionProperties) = preSolution
		HideSolutionNode = FALSE
	EndGlobalSection
	GlobalSection(ExtensibilityGlobals) = postSolution
		SolutionGuid = {EC716C6E-9C34-4D02-A01A-0AD9DEE4E0F9}
	EndGlobalSection
EndGlobal
